PODS:
  - Analytics (4.1.8)
  - Mixpanel (5.0.2)
  - Segment-Mixpanel (1.7.3):
    - Analytics
    - Mixpanel (~> 5.0.0)

DEPENDENCIES:
  - Analytics (from `https://github.com/segmentio/analytics-ios.git`, branch `master`)
  - Segment-Mixpanel

SPEC REPOS:
  trunk:
    - Mixpanel
    - Segment-Mixpanel

EXTERNAL SOURCES:
  Analytics:
    :branch: master
    :git: https://github.com/segmentio/analytics-ios.git

CHECKOUT OPTIONS:
  Analytics:
    :commit: 78423aaae2e48e32a07246850f37c76f3d34cb84
    :git: https://github.com/segmentio/analytics-ios.git

SPEC CHECKSUMS:
  Analytics: 9655e0e1c71ea98107cfcb2b14891168acc6c6c9
  Mixpanel: 62e5fb088d56a7ba1369aeb335d0bff7ebae061e
  Segment-Mixpanel: eef624e8349c9ecec2ac4e96c732bbe1c1c794f7

PODFILE CHECKSUM: 2fed706b36eb97feb23442e62b54ae68e6215002

COCOAPODS: 1.12.1
