// !$*UTF8*$!
{
	archiveVersion = 1;
	classes = {
	};
	objectVersion = 56;
	objects = {

/* Begin PBXBuildFile section */
		3EB676C02A62A6DC00A0B77B /* segment_iosTests.xctest in Resources */ = {isa = PBXBuildFile; fileRef = 3EE728522A629E2C009D0857 /* segment_iosTests.xctest */; };
		3EE728402A629E29009D0857 /* AppDelegate.swift in Sources */ = {isa = PBXBuildFile; fileRef = 3EE7283F2A629E29009D0857 /* AppDelegate.swift */; };
		3EE728422A629E29009D0857 /* SceneDelegate.swift in Sources */ = {isa = PBXBuildFile; fileRef = 3EE728412A629E29009D0857 /* SceneDelegate.swift */; };
		3EE728442A629E29009D0857 /* ViewController.swift in Sources */ = {isa = PBXBuildFile; fileRef = 3EE728432A629E29009D0857 /* ViewController.swift */; };
		3EE728472A629E29009D0857 /* Main.storyboard in Resources */ = {isa = PBXBuildFile; fileRef = 3EE728452A629E29009D0857 /* Main.storyboard */; };
		3EE728492A629E2C009D0857 /* Assets.xcassets in Resources */ = {isa = PBXBuildFile; fileRef = 3EE728482A629E2C009D0857 /* Assets.xcassets */; };
		3EE7284C2A629E2C009D0857 /* LaunchScreen.storyboard in Resources */ = {isa = PBXBuildFile; fileRef = 3EE7284A2A629E2C009D0857 /* LaunchScreen.storyboard */; };
		3EE728572A629E2C009D0857 /* segment_iosTests.swift in Sources */ = {isa = PBXBuildFile; fileRef = 3EE728562A629E2C009D0857 /* segment_iosTests.swift */; };
		3EE728612A629E2C009D0857 /* segment_iosUITests.swift in Sources */ = {isa = PBXBuildFile; fileRef = 3EE728602A629E2C009D0857 /* segment_iosUITests.swift */; };
		3EE728632A629E2C009D0857 /* segment_iosUITestsLaunchTests.swift in Sources */ = {isa = PBXBuildFile; fileRef = 3EE728622A629E2C009D0857 /* segment_iosUITestsLaunchTests.swift */; };
		40CC41586EF854A3ADE9E605 /* Pods_segment_ios.framework in Frameworks */ = {isa = PBXBuildFile; fileRef = 06A47547FD33AF519BDA5946 /* Pods_segment_ios.framework */; };
/* End PBXBuildFile section */

/* Begin PBXContainerItemProxy section */
		3EE728532A629E2C009D0857 /* PBXContainerItemProxy */ = {
			isa = PBXContainerItemProxy;
			containerPortal = 3EE728342A629E29009D0857 /* Project object */;
			proxyType = 1;
			remoteGlobalIDString = 3EE7283B2A629E29009D0857;
			remoteInfo = segment_ios;
		};
		3EE7285D2A629E2C009D0857 /* PBXContainerItemProxy */ = {
			isa = PBXContainerItemProxy;
			containerPortal = 3EE728342A629E29009D0857 /* Project object */;
			proxyType = 1;
			remoteGlobalIDString = 3EE7283B2A629E29009D0857;
			remoteInfo = segment_ios;
		};
/* End PBXContainerItemProxy section */

/* Begin PBXFileReference section */
		06A47547FD33AF519BDA5946 /* Pods_segment_ios.framework */ = {isa = PBXFileReference; explicitFileType = wrapper.framework; includeInIndex = 0; path = Pods_segment_ios.framework; sourceTree = BUILT_PRODUCTS_DIR; };
		3EE7283C2A629E29009D0857 /* segment_ios.app */ = {isa = PBXFileReference; explicitFileType = wrapper.application; includeInIndex = 0; path = segment_ios.app; sourceTree = BUILT_PRODUCTS_DIR; };
		3EE7283F2A629E29009D0857 /* AppDelegate.swift */ = {isa = PBXFileReference; lastKnownFileType = sourcecode.swift; path = AppDelegate.swift; sourceTree = "<group>"; };
		3EE728412A629E29009D0857 /* SceneDelegate.swift */ = {isa = PBXFileReference; lastKnownFileType = sourcecode.swift; path = SceneDelegate.swift; sourceTree = "<group>"; };
		3EE728432A629E29009D0857 /* ViewController.swift */ = {isa = PBXFileReference; lastKnownFileType = sourcecode.swift; path = ViewController.swift; sourceTree = "<group>"; };
		3EE728462A629E29009D0857 /* Base */ = {isa = PBXFileReference; lastKnownFileType = file.storyboard; name = Base; path = Base.lproj/Main.storyboard; sourceTree = "<group>"; };
		3EE728482A629E2C009D0857 /* Assets.xcassets */ = {isa = PBXFileReference; lastKnownFileType = folder.assetcatalog; path = Assets.xcassets; sourceTree = "<group>"; };
		3EE7284B2A629E2C009D0857 /* Base */ = {isa = PBXFileReference; lastKnownFileType = file.storyboard; name = Base; path = Base.lproj/LaunchScreen.storyboard; sourceTree = "<group>"; };
		3EE7284D2A629E2C009D0857 /* Info.plist */ = {isa = PBXFileReference; lastKnownFileType = text.plist.xml; path = Info.plist; sourceTree = "<group>"; };
		3EE728522A629E2C009D0857 /* segment_iosTests.xctest */ = {isa = PBXFileReference; explicitFileType = wrapper.cfbundle; includeInIndex = 0; path = segment_iosTests.xctest; sourceTree = BUILT_PRODUCTS_DIR; };
		3EE728562A629E2C009D0857 /* segment_iosTests.swift */ = {isa = PBXFileReference; lastKnownFileType = sourcecode.swift; path = segment_iosTests.swift; sourceTree = "<group>"; };
		3EE7285C2A629E2C009D0857 /* segment_iosUITests.xctest */ = {isa = PBXFileReference; explicitFileType = wrapper.cfbundle; includeInIndex = 0; path = segment_iosUITests.xctest; sourceTree = BUILT_PRODUCTS_DIR; };
		3EE728602A629E2C009D0857 /* segment_iosUITests.swift */ = {isa = PBXFileReference; lastKnownFileType = sourcecode.swift; path = segment_iosUITests.swift; sourceTree = "<group>"; };
		3EE728622A629E2C009D0857 /* segment_iosUITestsLaunchTests.swift */ = {isa = PBXFileReference; lastKnownFileType = sourcecode.swift; path = segment_iosUITestsLaunchTests.swift; sourceTree = "<group>"; };
		768B6539EACFAC79D695CF44 /* Pods-segment_ios.release.xcconfig */ = {isa = PBXFileReference; includeInIndex = 1; lastKnownFileType = text.xcconfig; name = "Pods-segment_ios.release.xcconfig"; path = "Target Support Files/Pods-segment_ios/Pods-segment_ios.release.xcconfig"; sourceTree = "<group>"; };
		A12F8DD395795DE6748B14B0 /* Pods-segment_ios.debug.xcconfig */ = {isa = PBXFileReference; includeInIndex = 1; lastKnownFileType = text.xcconfig; name = "Pods-segment_ios.debug.xcconfig"; path = "Target Support Files/Pods-segment_ios/Pods-segment_ios.debug.xcconfig"; sourceTree = "<group>"; };
/* End PBXFileReference section */

/* Begin PBXFrameworksBuildPhase section */
		3EE728392A629E29009D0857 /* Frameworks */ = {
			isa = PBXFrameworksBuildPhase;
			buildActionMask = 2147483647;
			files = (
				40CC41586EF854A3ADE9E605 /* Pods_segment_ios.framework in Frameworks */,
			);
			runOnlyForDeploymentPostprocessing = 0;
		};
		3EE7284F2A629E2C009D0857 /* Frameworks */ = {
			isa = PBXFrameworksBuildPhase;
			buildActionMask = 2147483647;
			files = (
			);
			runOnlyForDeploymentPostprocessing = 0;
		};
		3EE728592A629E2C009D0857 /* Frameworks */ = {
			isa = PBXFrameworksBuildPhase;
			buildActionMask = 2147483647;
			files = (
			);
			runOnlyForDeploymentPostprocessing = 0;
		};
/* End PBXFrameworksBuildPhase section */

/* Begin PBXGroup section */
		0B7E0B690A35DBF0DAF64F67 /* Frameworks */ = {
			isa = PBXGroup;
			children = (
				06A47547FD33AF519BDA5946 /* Pods_segment_ios.framework */,
			);
			name = Frameworks;
			sourceTree = "<group>";
		};
		3291F75D2FB869BAF75C5354 /* Pods */ = {
			isa = PBXGroup;
			children = (
				A12F8DD395795DE6748B14B0 /* Pods-segment_ios.debug.xcconfig */,
				768B6539EACFAC79D695CF44 /* Pods-segment_ios.release.xcconfig */,
			);
			path = Pods;
			sourceTree = "<group>";
		};
		3EE728332A629E29009D0857 = {
			isa = PBXGroup;
			children = (
				3EE7283E2A629E29009D0857 /* segment_ios */,
				3EE728552A629E2C009D0857 /* segment_iosTests */,
				3EE7285F2A629E2C009D0857 /* segment_iosUITests */,
				3EE7283D2A629E29009D0857 /* Products */,
				3291F75D2FB869BAF75C5354 /* Pods */,
				0B7E0B690A35DBF0DAF64F67 /* Frameworks */,
			);
			sourceTree = "<group>";
		};
		3EE7283D2A629E29009D0857 /* Products */ = {
			isa = PBXGroup;
			children = (
				3EE7283C2A629E29009D0857 /* segment_ios.app */,
				3EE728522A629E2C009D0857 /* segment_iosTests.xctest */,
				3EE7285C2A629E2C009D0857 /* segment_iosUITests.xctest */,
			);
			name = Products;
			sourceTree = "<group>";
		};
		3EE7283E2A629E29009D0857 /* segment_ios */ = {
			isa = PBXGroup;
			children = (
				3EE7283F2A629E29009D0857 /* AppDelegate.swift */,
				3EE728412A629E29009D0857 /* SceneDelegate.swift */,
				3EE728432A629E29009D0857 /* ViewController.swift */,
				3EE728452A629E29009D0857 /* Main.storyboard */,
				3EE728482A629E2C009D0857 /* Assets.xcassets */,
				3EE7284A2A629E2C009D0857 /* LaunchScreen.storyboard */,
				3EE7284D2A629E2C009D0857 /* Info.plist */,
			);
			path = segment_ios;
			sourceTree = "<group>";
		};
		3EE728552A629E2C009D0857 /* segment_iosTests */ = {
			isa = PBXGroup;
			children = (
				3EE728562A629E2C009D0857 /* segment_iosTests.swift */,
			);
			path = segment_iosTests;
			sourceTree = "<group>";
		};
		3EE7285F2A629E2C009D0857 /* segment_iosUITests */ = {
			isa = PBXGroup;
			children = (
				3EE728602A629E2C009D0857 /* segment_iosUITests.swift */,
				3EE728622A629E2C009D0857 /* segment_iosUITestsLaunchTests.swift */,
			);
			path = segment_iosUITests;
			sourceTree = "<group>";
		};
/* End PBXGroup section */

/* Begin PBXNativeTarget section */
		3EE7283B2A629E29009D0857 /* segment_ios */ = {
			isa = PBXNativeTarget;
			buildConfigurationList = 3EE728662A629E2C009D0857 /* Build configuration list for PBXNativeTarget "segment_ios" */;
			buildPhases = (
				FC8F0E7C2DA56E5A9B767211 /* [CP] Check Pods Manifest.lock */,
				3EE728382A629E29009D0857 /* Sources */,
				3EE728392A629E29009D0857 /* Frameworks */,
				3EE7283A2A629E29009D0857 /* Resources */,
				38E1F3BE5736D25B840259AE /* [CP] Embed Pods Frameworks */,
			);
			buildRules = (
			);
			dependencies = (
			);
			name = segment_ios;
			productName = segment_ios;
			productReference = 3EE7283C2A629E29009D0857 /* segment_ios.app */;
			productType = "com.apple.product-type.application";
		};
		3EE728512A629E2C009D0857 /* segment_iosTests */ = {
			isa = PBXNativeTarget;
			buildConfigurationList = 3EE728692A629E2C009D0857 /* Build configuration list for PBXNativeTarget "segment_iosTests" */;
			buildPhases = (
				3EE7284E2A629E2C009D0857 /* Sources */,
				3EE7284F2A629E2C009D0857 /* Frameworks */,
				3EE728502A629E2C009D0857 /* Resources */,
			);
			buildRules = (
			);
			dependencies = (
				3EE728542A629E2C009D0857 /* PBXTargetDependency */,
			);
			name = segment_iosTests;
			productName = segment_iosTests;
			productReference = 3EE728522A629E2C009D0857 /* segment_iosTests.xctest */;
			productType = "com.apple.product-type.bundle.unit-test";
		};
		3EE7285B2A629E2C009D0857 /* segment_iosUITests */ = {
			isa = PBXNativeTarget;
			buildConfigurationList = 3EE7286C2A629E2C009D0857 /* Build configuration list for PBXNativeTarget "segment_iosUITests" */;
			buildPhases = (
				3EE728582A629E2C009D0857 /* Sources */,
				3EE728592A629E2C009D0857 /* Frameworks */,
				3EE7285A2A629E2C009D0857 /* Resources */,
			);
			buildRules = (
			);
			dependencies = (
				3EE7285E2A629E2C009D0857 /* PBXTargetDependency */,
			);
			name = segment_iosUITests;
			productName = segment_iosUITests;
			productReference = 3EE7285C2A629E2C009D0857 /* segment_iosUITests.xctest */;
			productType = "com.apple.product-type.bundle.ui-testing";
		};
/* End PBXNativeTarget section */

/* Begin PBXProject section */
		3EE728342A629E29009D0857 /* Project object */ = {
			isa = PBXProject;
			attributes = {
				BuildIndependentTargetsInParallel = 1;
				LastSwiftUpdateCheck = 1430;
				LastUpgradeCheck = 1430;
				TargetAttributes = {
					3EE7283B2A629E29009D0857 = {
						CreatedOnToolsVersion = 14.3.1;
					};
					3EE728512A629E2C009D0857 = {
						CreatedOnToolsVersion = 14.3.1;
						TestTargetID = 3EE7283B2A629E29009D0857;
					};
					3EE7285B2A629E2C009D0857 = {
						CreatedOnToolsVersion = 14.3.1;
						TestTargetID = 3EE7283B2A629E29009D0857;
					};
				};
			};
			buildConfigurationList = 3EE728372A629E29009D0857 /* Build configuration list for PBXProject "segment_ios" */;
			compatibilityVersion = "Xcode 14.0";
			developmentRegion = en;
			hasScannedForEncodings = 0;
			knownRegions = (
				en,
				Base,
			);
			mainGroup = 3EE728332A629E29009D0857;
			productRefGroup = 3EE7283D2A629E29009D0857 /* Products */;
			projectDirPath = "";
			projectRoot = "";
			targets = (
				3EE7283B2A629E29009D0857 /* segment_ios */,
				3EE728512A629E2C009D0857 /* segment_iosTests */,
				3EE7285B2A629E2C009D0857 /* segment_iosUITests */,
			);
		};
/* End PBXProject section */

/* Begin PBXResourcesBuildPhase section */
		3EE7283A2A629E29009D0857 /* Resources */ = {
			isa = PBXResourcesBuildPhase;
			buildActionMask = 2147483647;
			files = (
				3EE7284C2A629E2C009D0857 /* LaunchScreen.storyboard in Resources */,
				3EE728492A629E2C009D0857 /* Assets.xcassets in Resources */,
				3EE728472A629E29009D0857 /* Main.storyboard in Resources */,
			);
			runOnlyForDeploymentPostprocessing = 0;
		};
		3EE728502A629E2C009D0857 /* Resources */ = {
			isa = PBXResourcesBuildPhase;
			buildActionMask = 2147483647;
			files = (
				3EB676C02A62A6DC00A0B77B /* segment_iosTests.xctest in Resources */,
			);
			runOnlyForDeploymentPostprocessing = 0;
		};
		3EE7285A2A629E2C009D0857 /* Resources */ = {
			isa = PBXResourcesBuildPhase;
			buildActionMask = 2147483647;
			files = (
			);
			runOnlyForDeploymentPostprocessing = 0;
		};
/* End PBXResourcesBuildPhase section */

/* Begin PBXShellScriptBuildPhase section */
		38E1F3BE5736D25B840259AE /* [CP] Embed Pods Frameworks */ = {
			isa = PBXShellScriptBuildPhase;
			buildActionMask = 2147483647;
			files = (
			);
			inputFileListPaths = (
				"${PODS_ROOT}/Target Support Files/Pods-segment_ios/Pods-segment_ios-frameworks-${CONFIGURATION}-input-files.xcfilelist",
			);
			name = "[CP] Embed Pods Frameworks";
			outputFileListPaths = (
				"${PODS_ROOT}/Target Support Files/Pods-segment_ios/Pods-segment_ios-frameworks-${CONFIGURATION}-output-files.xcfilelist",
			);
			runOnlyForDeploymentPostprocessing = 0;
			shellPath = /bin/sh;
			shellScript = "\"${PODS_ROOT}/Target Support Files/Pods-segment_ios/Pods-segment_ios-frameworks.sh\"\n";
			showEnvVarsInLog = 0;
		};
		FC8F0E7C2DA56E5A9B767211 /* [CP] Check Pods Manifest.lock */ = {
			isa = PBXShellScriptBuildPhase;
			buildActionMask = 2147483647;
			files = (
			);
			inputFileListPaths = (
			);
			inputPaths = (
				"${PODS_PODFILE_DIR_PATH}/Podfile.lock",
				"${PODS_ROOT}/Manifest.lock",
			);
			name = "[CP] Check Pods Manifest.lock";
			outputFileListPaths = (
			);
			outputPaths = (
				"$(DERIVED_FILE_DIR)/Pods-segment_ios-checkManifestLockResult.txt",
			);
			runOnlyForDeploymentPostprocessing = 0;
			shellPath = /bin/sh;
			shellScript = "diff \"${PODS_PODFILE_DIR_PATH}/Podfile.lock\" \"${PODS_ROOT}/Manifest.lock\" > /dev/null\nif [ $? != 0 ] ; then\n    # print error to STDERR\n    echo \"error: The sandbox is not in sync with the Podfile.lock. Run 'pod install' or update your CocoaPods installation.\" >&2\n    exit 1\nfi\n# This output is used by Xcode 'outputs' to avoid re-running this script phase.\necho \"SUCCESS\" > \"${SCRIPT_OUTPUT_FILE_0}\"\n";
			showEnvVarsInLog = 0;
		};
/* End PBXShellScriptBuildPhase section */

/* Begin PBXSourcesBuildPhase section */
		3EE728382A629E29009D0857 /* Sources */ = {
			isa = PBXSourcesBuildPhase;
			buildActionMask = 2147483647;
			files = (
				3EE728442A629E29009D0857 /* ViewController.swift in Sources */,
				3EE728402A629E29009D0857 /* AppDelegate.swift in Sources */,
				3EE728422A629E29009D0857 /* SceneDelegate.swift in Sources */,
			);
			runOnlyForDeploymentPostprocessing = 0;
		};
		3EE7284E2A629E2C009D0857 /* Sources */ = {
			isa = PBXSourcesBuildPhase;
			buildActionMask = 2147483647;
			files = (
				3EE728572A629E2C009D0857 /* segment_iosTests.swift in Sources */,
			);
			runOnlyForDeploymentPostprocessing = 0;
		};
		3EE728582A629E2C009D0857 /* Sources */ = {
			isa = PBXSourcesBuildPhase;
			buildActionMask = 2147483647;
			files = (
				3EE728632A629E2C009D0857 /* segment_iosUITestsLaunchTests.swift in Sources */,
				3EE728612A629E2C009D0857 /* segment_iosUITests.swift in Sources */,
			);
			runOnlyForDeploymentPostprocessing = 0;
		};
/* End PBXSourcesBuildPhase section */

/* Begin PBXTargetDependency section */
		3EE728542A629E2C009D0857 /* PBXTargetDependency */ = {
			isa = PBXTargetDependency;
			target = 3EE7283B2A629E29009D0857 /* segment_ios */;
			targetProxy = 3EE728532A629E2C009D0857 /* PBXContainerItemProxy */;
		};
		3EE7285E2A629E2C009D0857 /* PBXTargetDependency */ = {
			isa = PBXTargetDependency;
			target = 3EE7283B2A629E29009D0857 /* segment_ios */;
			targetProxy = 3EE7285D2A629E2C009D0857 /* PBXContainerItemProxy */;
		};
/* End PBXTargetDependency section */

/* Begin PBXVariantGroup section */
		3EE728452A629E29009D0857 /* Main.storyboard */ = {
			isa = PBXVariantGroup;
			children = (
				3EE728462A629E29009D0857 /* Base */,
			);
			name = Main.storyboard;
			sourceTree = "<group>";
		};
		3EE7284A2A629E2C009D0857 /* LaunchScreen.storyboard */ = {
			isa = PBXVariantGroup;
			children = (
				3EE7284B2A629E2C009D0857 /* Base */,
			);
			name = LaunchScreen.storyboard;
			sourceTree = "<group>";
		};
/* End PBXVariantGroup section */

/* Begin XCBuildConfiguration section */
		3EE728642A629E2C009D0857 /* Debug */ = {
			isa = XCBuildConfiguration;
			buildSettings = {
				ALWAYS_SEARCH_USER_PATHS = NO;
				ARCHS = arm64;
				ASSETCATALOG_COMPILER_ALTERNATE_APPICON_NAMES = AppIcon;
				ASSETCATALOG_COMPILER_APPICON_NAME = AppIcon;
				ASSETCATALOG_COMPILER_LAUNCHIMAGE_NAME = "";
				CLANG_ANALYZER_NONNULL = YES;
				CLANG_ANALYZER_NUMBER_OBJECT_CONVERSION = YES_AGGRESSIVE;
				CLANG_CXX_LANGUAGE_STANDARD = "gnu++20";
				CLANG_ENABLE_MODULES = YES;
				CLANG_ENABLE_OBJC_ARC = YES;
				CLANG_ENABLE_OBJC_WEAK = YES;
				CLANG_WARN_BLOCK_CAPTURE_AUTORELEASING = YES;
				CLANG_WARN_BOOL_CONVERSION = YES;
				CLANG_WARN_COMMA = YES;
				CLANG_WARN_CONSTANT_CONVERSION = YES;
				CLANG_WARN_DEPRECATED_OBJC_IMPLEMENTATIONS = YES;
				CLANG_WARN_DIRECT_OBJC_ISA_USAGE = YES_ERROR;
				CLANG_WARN_DOCUMENTATION_COMMENTS = YES;
				CLANG_WARN_EMPTY_BODY = YES;
				CLANG_WARN_ENUM_CONVERSION = YES;
				CLANG_WARN_INFINITE_RECURSION = YES;
				CLANG_WARN_INT_CONVERSION = YES;
				CLANG_WARN_NON_LITERAL_NULL_CONVERSION = YES;
				CLANG_WARN_OBJC_IMPLICIT_RETAIN_SELF = YES;
				CLANG_WARN_OBJC_LITERAL_CONVERSION = YES;
				CLANG_WARN_OBJC_ROOT_CLASS = YES_ERROR;
				CLANG_WARN_QUOTED_INCLUDE_IN_FRAMEWORK_HEADER = YES;
				CLANG_WARN_RANGE_LOOP_ANALYSIS = YES;
				CLANG_WARN_STRICT_PROTOTYPES = YES;
				CLANG_WARN_SUSPICIOUS_MOVE = YES;
				CLANG_WARN_UNGUARDED_AVAILABILITY = YES_AGGRESSIVE;
				CLANG_WARN_UNREACHABLE_CODE = YES;
				CLANG_WARN__DUPLICATE_METHOD_MATCH = YES;
				COPY_PHASE_STRIP = NO;
				DEBUG_INFORMATION_FORMAT = dwarf;
				ENABLE_STRICT_OBJC_MSGSEND = YES;
				ENABLE_TESTABILITY = YES;
				EXCLUDED_ARCHS = "";
				GCC_C_LANGUAGE_STANDARD = gnu11;
				GCC_DYNAMIC_NO_PIC = NO;
				GCC_NO_COMMON_BLOCKS = YES;
				GCC_OPTIMIZATION_LEVEL = 0;
				GCC_PREPROCESSOR_DEFINITIONS = (
					"DEBUG=1",
					"$(inherited)",
				);
				GCC_WARN_64_TO_32_BIT_CONVERSION = YES;
				GCC_WARN_ABOUT_RETURN_TYPE = YES_ERROR;
				GCC_WARN_UNDECLARED_SELECTOR = YES;
				GCC_WARN_UNINITIALIZED_AUTOS = YES_AGGRESSIVE;
				GCC_WARN_UNUSED_FUNCTION = YES;
				GCC_WARN_UNUSED_VARIABLE = YES;
				IPHONEOS_DEPLOYMENT_TARGET = 16.4;
				MTL_ENABLE_DEBUG_INFO = INCLUDE_SOURCE;
				MTL_FAST_MATH = YES;
				ONLY_ACTIVE_ARCH = NO;
				SDKROOT = iphoneos;
				SWIFT_ACTIVE_COMPILATION_CONDITIONS = DEBUG;
				SWIFT_OPTIMIZATION_LEVEL = "-Onone";
			};
			name = Debug;
		};
		3EE728652A629E2C009D0857 /* Release */ = {
			isa = XCBuildConfiguration;
			buildSettings = {
				ALWAYS_SEARCH_USER_PATHS = NO;
				ARCHS = arm64;
				ASSETCATALOG_COMPILER_ALTERNATE_APPICON_NAMES = AppIcon;
				ASSETCATALOG_COMPILER_APPICON_NAME = AppIcon;
				ASSETCATALOG_COMPILER_LAUNCHIMAGE_NAME = "";
				CLANG_ANALYZER_NONNULL = YES;
				CLANG_ANALYZER_NUMBER_OBJECT_CONVERSION = YES_AGGRESSIVE;
				CLANG_CXX_LANGUAGE_STANDARD = "gnu++20";
				CLANG_ENABLE_MODULES = YES;
				CLANG_ENABLE_OBJC_ARC = YES;
				CLANG_ENABLE_OBJC_WEAK = YES;
				CLANG_WARN_BLOCK_CAPTURE_AUTORELEASING = YES;
				CLANG_WARN_BOOL_CONVERSION = YES;
				CLANG_WARN_COMMA = YES;
				CLANG_WARN_CONSTANT_CONVERSION = YES;
				CLANG_WARN_DEPRECATED_OBJC_IMPLEMENTATIONS = YES;
				CLANG_WARN_DIRECT_OBJC_ISA_USAGE = YES_ERROR;
				CLANG_WARN_DOCUMENTATION_COMMENTS = YES;
				CLANG_WARN_EMPTY_BODY = YES;
				CLANG_WARN_ENUM_CONVERSION = YES;
				CLANG_WARN_INFINITE_RECURSION = YES;
				CLANG_WARN_INT_CONVERSION = YES;
				CLANG_WARN_NON_LITERAL_NULL_CONVERSION = YES;
				CLANG_WARN_OBJC_IMPLICIT_RETAIN_SELF = YES;
				CLANG_WARN_OBJC_LITERAL_CONVERSION = YES;
				CLANG_WARN_OBJC_ROOT_CLASS = YES_ERROR;
				CLANG_WARN_QUOTED_INCLUDE_IN_FRAMEWORK_HEADER = YES;
				CLANG_WARN_RANGE_LOOP_ANALYSIS = YES;
				CLANG_WARN_STRICT_PROTOTYPES = YES;
				CLANG_WARN_SUSPICIOUS_MOVE = YES;
				CLANG_WARN_UNGUARDED_AVAILABILITY = YES_AGGRESSIVE;
				CLANG_WARN_UNREACHABLE_CODE = YES;
				CLANG_WARN__DUPLICATE_METHOD_MATCH = YES;
				COPY_PHASE_STRIP = NO;
				DEBUG_INFORMATION_FORMAT = "dwarf-with-dsym";
				ENABLE_NS_ASSERTIONS = NO;
				ENABLE_STRICT_OBJC_MSGSEND = YES;
				EXCLUDED_ARCHS = "";
				GCC_C_LANGUAGE_STANDARD = gnu11;
				GCC_NO_COMMON_BLOCKS = YES;
				GCC_WARN_64_TO_32_BIT_CONVERSION = YES;
				GCC_WARN_ABOUT_RETURN_TYPE = YES_ERROR;
				GCC_WARN_UNDECLARED_SELECTOR = YES;
				GCC_WARN_UNINITIALIZED_AUTOS = YES_AGGRESSIVE;
				GCC_WARN_UNUSED_FUNCTION = YES;
				GCC_WARN_UNUSED_VARIABLE = YES;
				IPHONEOS_DEPLOYMENT_TARGET = 16.4;
				MTL_ENABLE_DEBUG_INFO = NO;
				MTL_FAST_MATH = YES;
				SDKROOT = iphoneos;
				SWIFT_COMPILATION_MODE = wholemodule;
				SWIFT_OPTIMIZATION_LEVEL = "-O";
				VALIDATE_PRODUCT = YES;
			};
			name = Release;
		};
		3EE728672A629E2C009D0857 /* Debug */ = {
			isa = XCBuildConfiguration;
			baseConfigurationReference = A12F8DD395795DE6748B14B0 /* Pods-segment_ios.debug.xcconfig */;
			buildSettings = {
				ASSETCATALOG_COMPILER_APPICON_NAME = AppIcon;
				ASSETCATALOG_COMPILER_GLOBAL_ACCENT_COLOR_NAME = AccentColor;
				CODE_SIGN_STYLE = Automatic;
				CURRENT_PROJECT_VERSION = 1;
				EXCLUDED_ARCHS = "";
				GENERATE_INFOPLIST_FILE = YES;
				INFOPLIST_FILE = segment_ios/Info.plist;
				INFOPLIST_KEY_UIApplicationSupportsIndirectInputEvents = YES;
				INFOPLIST_KEY_UILaunchStoryboardName = LaunchScreen;
				INFOPLIST_KEY_UIMainStoryboardFile = Main;
				INFOPLIST_KEY_UISupportedInterfaceOrientations_iPad = "UIInterfaceOrientationPortrait UIInterfaceOrientationPortraitUpsideDown UIInterfaceOrientationLandscapeLeft UIInterfaceOrientationLandscapeRight";
				INFOPLIST_KEY_UISupportedInterfaceOrientations_iPhone = "UIInterfaceOrientationPortrait UIInterfaceOrientationLandscapeLeft UIInterfaceOrientationLandscapeRight";
				LD_RUNPATH_SEARCH_PATHS = (
					"$(inherited)",
					"@executable_path/Frameworks",
				);
				MARKETING_VERSION = 1.0;
				OTHER_LDFLAGS = "";
				PRODUCT_BUNDLE_IDENTIFIER = "segment.segment-ios";
				PRODUCT_NAME = "$(TARGET_NAME)";
				SWIFT_EMIT_LOC_STRINGS = YES;
				SWIFT_VERSION = 5.0;
				TARGETED_DEVICE_FAMILY = "1,2";
			};
			name = Debug;
		};
		3EE728682A629E2C009D0857 /* Release */ = {
			isa = XCBuildConfiguration;
			baseConfigurationReference = 768B6539EACFAC79D695CF44 /* Pods-segment_ios.release.xcconfig */;
			buildSettings = {
				ASSETCATALOG_COMPILER_APPICON_NAME = AppIcon;
				ASSETCATALOG_COMPILER_GLOBAL_ACCENT_COLOR_NAME = AccentColor;
				CODE_SIGN_STYLE = Automatic;
				CURRENT_PROJECT_VERSION = 1;
				EXCLUDED_ARCHS = "";
				GENERATE_INFOPLIST_FILE = YES;
				INFOPLIST_FILE = segment_ios/Info.plist;
				INFOPLIST_KEY_UIApplicationSupportsIndirectInputEvents = YES;
				INFOPLIST_KEY_UILaunchStoryboardName = LaunchScreen;
				INFOPLIST_KEY_UIMainStoryboardFile = Main;
				INFOPLIST_KEY_UISupportedInterfaceOrientations_iPad = "UIInterfaceOrientationPortrait UIInterfaceOrientationPortraitUpsideDown UIInterfaceOrientationLandscapeLeft UIInterfaceOrientationLandscapeRight";
				INFOPLIST_KEY_UISupportedInterfaceOrientations_iPhone = "UIInterfaceOrientationPortrait UIInterfaceOrientationLandscapeLeft UIInterfaceOrientationLandscapeRight";
				LD_RUNPATH_SEARCH_PATHS = (
					"$(inherited)",
					"@executable_path/Frameworks",
				);
				MARKETING_VERSION = 1.0;
				OTHER_LDFLAGS = "";
				PRODUCT_BUNDLE_IDENTIFIER = "segment.segment-ios";
				PRODUCT_NAME = "$(TARGET_NAME)";
				SWIFT_EMIT_LOC_STRINGS = YES;
				SWIFT_VERSION = 5.0;
				TARGETED_DEVICE_FAMILY = "1,2";
			};
			name = Release;
		};
		3EE7286A2A629E2C009D0857 /* Debug */ = {
			isa = XCBuildConfiguration;
			buildSettings = {
				ALWAYS_EMBED_SWIFT_STANDARD_LIBRARIES = YES;
				BUNDLE_LOADER = "$(TEST_HOST)";
				CODE_SIGN_STYLE = Automatic;
				CURRENT_PROJECT_VERSION = 1;
				GENERATE_INFOPLIST_FILE = YES;
				IPHONEOS_DEPLOYMENT_TARGET = 16.4;
				MARKETING_VERSION = 1.0;
				PRODUCT_BUNDLE_IDENTIFIER = "segment.segment-iosTests";
				PRODUCT_NAME = "$(TARGET_NAME)";
				SWIFT_EMIT_LOC_STRINGS = NO;
				SWIFT_VERSION = 5.0;
				TARGETED_DEVICE_FAMILY = "1,2";
				TEST_HOST = "$(BUILT_PRODUCTS_DIR)/segment_ios.app/$(BUNDLE_EXECUTABLE_FOLDER_PATH)/segment_ios";
			};
			name = Debug;
		};
		3EE7286B2A629E2C009D0857 /* Release */ = {
			isa = XCBuildConfiguration;
			buildSettings = {
				ALWAYS_EMBED_SWIFT_STANDARD_LIBRARIES = YES;
				BUNDLE_LOADER = "$(TEST_HOST)";
				CODE_SIGN_STYLE = Automatic;
				CURRENT_PROJECT_VERSION = 1;
				GENERATE_INFOPLIST_FILE = YES;
				IPHONEOS_DEPLOYMENT_TARGET = 16.4;
				MARKETING_VERSION = 1.0;
				PRODUCT_BUNDLE_IDENTIFIER = "segment.segment-iosTests";
				PRODUCT_NAME = "$(TARGET_NAME)";
				SWIFT_EMIT_LOC_STRINGS = NO;
				SWIFT_VERSION = 5.0;
				TARGETED_DEVICE_FAMILY = "1,2";
				TEST_HOST = "$(BUILT_PRODUCTS_DIR)/segment_ios.app/$(BUNDLE_EXECUTABLE_FOLDER_PATH)/segment_ios";
			};
			name = Release;
		};
		3EE7286D2A629E2C009D0857 /* Debug */ = {
			isa = XCBuildConfiguration;
			buildSettings = {
				ALWAYS_EMBED_SWIFT_STANDARD_LIBRARIES = YES;
				CODE_SIGN_STYLE = Automatic;
				CURRENT_PROJECT_VERSION = 1;
				GENERATE_INFOPLIST_FILE = YES;
				MARKETING_VERSION = 1.0;
				PRODUCT_BUNDLE_IDENTIFIER = "segment.segment-iosUITests";
				PRODUCT_NAME = "$(TARGET_NAME)";
				SWIFT_EMIT_LOC_STRINGS = NO;
				SWIFT_VERSION = 5.0;
				TARGETED_DEVICE_FAMILY = "1,2";
				TEST_TARGET_NAME = segment_ios;
			};
			name = Debug;
		};
		3EE7286E2A629E2C009D0857 /* Release */ = {
			isa = XCBuildConfiguration;
			buildSettings = {
				ALWAYS_EMBED_SWIFT_STANDARD_LIBRARIES = YES;
				CODE_SIGN_STYLE = Automatic;
				CURRENT_PROJECT_VERSION = 1;
				GENERATE_INFOPLIST_FILE = YES;
				MARKETING_VERSION = 1.0;
				PRODUCT_BUNDLE_IDENTIFIER = "segment.segment-iosUITests";
				PRODUCT_NAME = "$(TARGET_NAME)";
				SWIFT_EMIT_LOC_STRINGS = NO;
				SWIFT_VERSION = 5.0;
				TARGETED_DEVICE_FAMILY = "1,2";
				TEST_TARGET_NAME = segment_ios;
			};
			name = Release;
		};
/* End XCBuildConfiguration section */

/* Begin XCConfigurationList section */
		3EE728372A629E29009D0857 /* Build configuration list for PBXProject "segment_ios" */ = {
			isa = XCConfigurationList;
			buildConfigurations = (
				3EE728642A629E2C009D0857 /* Debug */,
				3EE728652A629E2C009D0857 /* Release */,
			);
			defaultConfigurationIsVisible = 0;
			defaultConfigurationName = Release;
		};
		3EE728662A629E2C009D0857 /* Build configuration list for PBXNativeTarget "segment_ios" */ = {
			isa = XCConfigurationList;
			buildConfigurations = (
				3EE728672A629E2C009D0857 /* Debug */,
				3EE728682A629E2C009D0857 /* Release */,
			);
			defaultConfigurationIsVisible = 0;
			defaultConfigurationName = Release;
		};
		3EE728692A629E2C009D0857 /* Build configuration list for PBXNativeTarget "segment_iosTests" */ = {
			isa = XCConfigurationList;
			buildConfigurations = (
				3EE7286A2A629E2C009D0857 /* Debug */,
				3EE7286B2A629E2C009D0857 /* Release */,
			);
			defaultConfigurationIsVisible = 0;
			defaultConfigurationName = Release;
		};
		3EE7286C2A629E2C009D0857 /* Build configuration list for PBXNativeTarget "segment_iosUITests" */ = {
			isa = XCConfigurationList;
			buildConfigurations = (
				3EE7286D2A629E2C009D0857 /* Debug */,
				3EE7286E2A629E2C009D0857 /* Release */,
			);
			defaultConfigurationIsVisible = 0;
			defaultConfigurationName = Release;
		};
/* End XCConfigurationList section */
	};
	rootObject = 3EE728342A629E29009D0857 /* Project object */;
}
